
Microsoft Visual Studio Solution File, Format Version 12.00
# Visual Studio Version 17
VisualStudioVersion = 17.2.32630.192
MinimumVisualStudioVersion = 10.0.40219.1
Project("{FAE04EC0-301F-11D3-BF4B-00C04F79EFBC}") = "WindowsFormsApp1", "WindowsFormsApp1\WindowsFormsApp1.csproj", "{EDAB8858-A80C-470E-AA57-6C82A1874A8B}"
EndProject
Project("{FAE04EC0-301F-11D3-BF4B-00C04F79EFBC}") = "WindowsFormsApp2", "WindowsFormsApp2\WindowsFormsApp2.csproj", "{78C87E2D-BFCA-4743-B47F-69BA8D98B12A}"
EndProject
Global
	GlobalSection(SolutionConfigurationPlatforms) = preSolution
		Debug|Any CPU = Debug|Any CPU
		Release|Any CPU = Release|Any CPU
	EndGlobalSection
	GlobalSection(ProjectConfigurationPlatforms) = postSolution
		{EDAB8858-A80C-470E-AA57-6C82A1874A8B}.Debug|Any CPU.ActiveCfg = Debug|Any CPU
		{EDAB8858-A80C-470E-AA57-6C82A1874A8B}.Debug|Any CPU.Build.0 = Debug|Any CPU
		{EDAB8858-A80C-470E-AA57-6C82A1874A8B}.Release|Any CPU.ActiveCfg = Release|Any CPU
		{EDAB8858-A80C-470E-AA57-6C82A1874A8B}.Release|Any CPU.Build.0 = Release|Any CPU
		{78C87E2D-BFCA-4743-B47F-69BA8D98B12A}.Debug|Any CPU.ActiveCfg = Debug|Any CPU
		{78C87E2D-BFCA-4743-B47F-69BA8D98B12A}.Debug|Any CPU.Build.0 = Debug|Any CPU
		{78C87E2D-BFCA-4743-B47F-69BA8D98B12A}.Release|Any CPU.ActiveCfg = Release|Any CPU
		{78C87E2D-BFCA-4743-B47F-69BA8D98B12A}.Release|Any CPU.Build.0 = Release|Any CPU
	EndGlobalSection
	GlobalSection(SolutionProperties) = preSolution
		HideSolutionNode = FALSE
	EndGlobalSection
	GlobalSection(ExtensibilityGlobals) = postSolution
		SolutionGuid = {BE91D391-5B76-4C3B-9E54-512F5873334F}
	EndGlobalSection
EndGlobal
